
Microsoft Visual Studio Solution File, Format Version 12.00
# Visual Studio Version 17
VisualStudioVersion = 17.4.33205.214
MinimumVisualStudioVersion = 10.0.40219.1
Project("{FAE04EC0-301F-11D3-BF4B-00C04F79EFBC}") = "Simple2FA", "Simple2FA\Simple2FA.csproj", "{9C5720FA-56A1-4D97-A159-1D467213A973}"
EndProject
Global
	GlobalSection(SolutionConfigurationPlatforms) = preSolution
		Debug|Any CPU = Debug|Any CPU
		Release|Any CPU = Release|Any CPU
	EndGlobalSection
	GlobalSection(ProjectConfigurationPlatforms) = postSolution
		{9C5720FA-56A1-4D97-A159-1D467213A973}.Debug|Any CPU.ActiveCfg = Debug|Any CPU
		{9C5720FA-56A1-4D97-A159-1D467213A973}.Debug|Any CPU.Build.0 = Debug|Any CPU
		{9C5720FA-56A1-4D97-A159-1D467213A973}.Release|Any CPU.ActiveCfg = Release|Any CPU
		{9C5720FA-56A1-4D97-A159-1D467213A973}.Release|Any CPU.Build.0 = Release|Any CPU
	EndGlobalSection
	GlobalSection(SolutionProperties) = preSolution
		HideSolutionNode = FALSE
	EndGlobalSection
	GlobalSection(ExtensibilityGlobals) = postSolution
		SolutionGuid = {7ABA4B96-EC1D-466A-9FE3-2CC87039EB6D}
	EndGlobalSection
EndGlobal
